// !$*UTF8*$!
{
	archiveVersion = 1;
	classes = {
	};
	objectVersion = 46;
	objects = {

/* Begin PBXBuildFile section */
		A38D1A7E1B8E24720068F5C7 /* AppDelegate.swift in Sources */ = {isa = PBXBuildFile; fileRef = A38D1A7D1B8E24720068F5C7 /* AppDelegate.swift */; };
		A38D1A801B8E24720068F5C7 /* ViewController.swift in Sources */ = {isa = PBXBuildFile; fileRef = A38D1A7F1B8E24720068F5C7 /* ViewController.swift */; };
		A38D1A831B8E24720068F5C7 /* Main.storyboard in Resources */ = {isa = PBXBuildFile; fileRef = A38D1A811B8E24720068F5C7 /* Main.storyboard */; };
		A38D1A851B8E24720068F5C7 /* Images.xcassets in Resources */ = {isa = PBXBuildFile; fileRef = A38D1A841B8E24720068F5C7 /* Images.xcassets */; };
		A38D1A881B8E24720068F5C7 /* LaunchScreen.xib in Resources */ = {isa = PBXBuildFile; fileRef = A38D1A861B8E24720068F5C7 /* LaunchScreen.xib */; };
		A38D1A941B8E24720068F5C7 /* SwiftTableTests.swift in Sources */ = {isa = PBXBuildFile; fileRef = A38D1A931B8E24720068F5C7 /* SwiftTableTests.swift */; };
/* End PBXBuildFile section */

/* Begin PBXContainerItemProxy section */
		A38D1A8E1B8E24720068F5C7 /* PBXContainerItemProxy */ = {
			isa = PBXContainerItemProxy;
			containerPortal = A38D1A701B8E24720068F5C7 /* Project object */;
			proxyType = 1;
			remoteGlobalIDString = A38D1A771B8E24720068F5C7;
			remoteInfo = SwiftTable;
		};
/* End PBXContainerItemProxy section */

/* Begin PBXFileReference section */
		A38D1A781B8E24720068F5C7 /* SwiftTable.app */ = {isa = PBXFileReference; explicitFileType = wrapper.application; includeInIndex = 0; path = SwiftTable.app; sourceTree = BUILT_PRODUCTS_DIR; };
		A38D1A7C1B8E24720068F5C7 /* Info.plist */ = {isa = PBXFileReference; lastKnownFileType = text.plist.xml; path = Info.plist; sourceTree = "<group>"; };
		A38D1A7D1B8E24720068F5C7 /* AppDelegate.swift */ = {isa = PBXFileReference; lastKnownFileType = sourcecode.swift; path = AppDelegate.swift; sourceTree = "<group>"; };
		A38D1A7F1B8E24720068F5C7 /* ViewController.swift */ = {isa = PBXFileReference; lastKnownFileType = sourcecode.swift; path = ViewController.swift; sourceTree = "<group>"; };
		A38D1A821B8E24720068F5C7 /* Base */ = {isa = PBXFileReference; lastKnownFileType = file.storyboard; name = Base; path = Base.lproj/Main.storyboard; sourceTree = "<group>"; };
		A38D1A841B8E24720068F5C7 /* Images.xcassets */ = {isa = PBXFileReference; lastKnownFileType = folder.assetcatalog; path = Images.xcassets; sourceTree = "<group>"; };
		A38D1A871B8E24720068F5C7 /* Base */ = {isa = PBXFileReference; lastKnownFileType = file.xib; name = Base; path = Base.lproj/LaunchScreen.xib; sourceTree = "<group>"; };
		A38D1A8D1B8E24720068F5C7 /* SwiftTableTests.xctest */ = {isa = PBXFileReference; explicitFileType = wrapper.cfbundle; includeInIndex = 0; path = SwiftTableTests.xctest; sourceTree = BUILT_PRODUCTS_DIR; };
		A38D1A921B8E24720068F5C7 /* Info.plist */ = {isa = PBXFileReference; lastKnownFileType = text.plist.xml; path = Info.plist; sourceTree = "<group>"; };
		A38D1A931B8E24720068F5C7 /* SwiftTableTests.swift */ = {isa = PBXFileReference; lastKnownFileType = sourcecode.swift; path = SwiftTableTests.swift; sourceTree = "<group>"; };
/* End PBXFileReference section */

/* Begin PBXFrameworksBuildPhase section */
		A38D1A751B8E24720068F5C7 /* Frameworks */ = {
			isa = PBXFrameworksBuildPhase;
			buildActionMask = 2147483647;
			files = (
			);
			runOnlyForDeploymentPostprocessing = 0;
		};
		A38D1A8A1B8E24720068F5C7 /* Frameworks */ = {
			isa = PBXFrameworksBuildPhase;
			buildActionMask = 2147483647;
			files = (
			);
			runOnlyForDeploymentPostprocessing = 0;
		};
/* End PBXFrameworksBuildPhase section */

/* Begin PBXGroup section */
		A38D1A6F1B8E24720068F5C7 = {
			isa = PBXGroup;
			children = (
				A38D1A7A1B8E24720068F5C7 /* SwiftTable */,
				A38D1A901B8E24720068F5C7 /* SwiftTableTests */,
				A38D1A791B8E24720068F5C7 /* Products */,
			);
			sourceTree = "<group>";
		};
		A38D1A791B8E24720068F5C7 /* Products */ = {
			isa = PBXGroup;
			children = (
				A38D1A781B8E24720068F5C7 /* SwiftTable.app */,
				A38D1A8D1B8E24720068F5C7 /* SwiftTableTests.xctest */,
			);
			name = Products;
			sourceTree = "<group>";
		};
		A38D1A7A1B8E24720068F5C7 /* SwiftTable */ = {
			isa = PBXGroup;
			children = (
				A38D1A7D1B8E24720068F5C7 /* AppDelegate.swift */,
				A38D1A7F1B8E24720068F5C7 /* ViewController.swift */,
				A38D1A811B8E24720068F5C7 /* Main.storyboard */,
				A38D1A841B8E24720068F5C7 /* Images.xcassets */,
				A38D1A861B8E24720068F5C7 /* LaunchScreen.xib */,
				A38D1A7B1B8E24720068F5C7 /* Supporting Files */,
			);
			path = SwiftTable;
			sourceTree = "<group>";
		};
		A38D1A7B1B8E24720068F5C7 /* Supporting Files */ = {
			isa = PBXGroup;
			children = (
				A38D1A7C1B8E24720068F5C7 /* Info.plist */,
			);
			name = "Supporting Files";
			sourceTree = "<group>";
		};
		A38D1A901B8E24720068F5C7 /* SwiftTableTests */ = {
			isa = PBXGroup;
			children = (
				A38D1A931B8E24720068F5C7 /* SwiftTableTests.swift */,
				A38D1A911B8E24720068F5C7 /* Supporting Files */,
			);
			path = SwiftTableTests;
			sourceTree = "<group>";
		};
		A38D1A911B8E24720068F5C7 /* Supporting Files */ = {
			isa = PBXGroup;
			children = (
				A38D1A921B8E24720068F5C7 /* Info.plist */,
			);
			name = "Supporting Files";
			sourceTree = "<group>";
		};
/* End PBXGroup section */

/* Begin PBXNativeTarget section */
		A38D1A771B8E24720068F5C7 /* SwiftTable */ = {
			isa = PBXNativeTarget;
			buildConfigurationList = A38D1A971B8E24720068F5C7 /* Build configuration list for PBXNativeTarget "SwiftTable" */;
			buildPhases = (
				A38D1A741B8E24720068F5C7 /* Sources */,
				A38D1A751B8E24720068F5C7 /* Frameworks */,
				A38D1A761B8E24720068F5C7 /* Resources */,
			);
			buildRules = (
			);
			dependencies = (
			);
			name = SwiftTable;
			productName = SwiftTable;
			productReference = A38D1A781B8E24720068F5C7 /* SwiftTable.app */;
			productType = "com.apple.product-type.application";
		};
		A38D1A8C1B8E24720068F5C7 /* SwiftTableTests */ = {
			isa = PBXNativeTarget;
			buildConfigurationList = A38D1A9A1B8E24720068F5C7 /* Build configuration list for PBXNativeTarget "SwiftTableTests" */;
			buildPhases = (
				A38D1A891B8E24720068F5C7 /* Sources */,
				A38D1A8A1B8E24720068F5C7 /* Frameworks */,
				A38D1A8B1B8E24720068F5C7 /* Resources */,
			);
			buildRules = (
			);
			dependencies = (
				A38D1A8F1B8E24720068F5C7 /* PBXTargetDependency */,
			);
			name = SwiftTableTests;
			productName = SwiftTableTests;
			productReference = A38D1A8D1B8E24720068F5C7 /* SwiftTableTests.xctest */;
			productType = "com.apple.product-type.bundle.unit-test";
		};
/* End PBXNativeTarget section */

/* Begin PBXProject section */
		A38D1A701B8E24720068F5C7 /* Project object */ = {
			isa = PBXProject;
			attributes = {
				LastUpgradeCheck = 0640;
				ORGANIZATIONNAME = Geeksdobyte;
				TargetAttributes = {
					A38D1A771B8E24720068F5C7 = {
						CreatedOnToolsVersion = 6.4;
					};
					A38D1A8C1B8E24720068F5C7 = {
						CreatedOnToolsVersion = 6.4;
						TestTargetID = A38D1A771B8E24720068F5C7;
					};
				};
			};
			buildConfigurationList = A38D1A731B8E24720068F5C7 /* Build configuration list for PBXProject "SwiftTable" */;
			compatibilityVersion = "Xcode 3.2";
			developmentRegion = English;
			hasScannedForEncodings = 0;
			knownRegions = (
				en,
				Base,
			);
			mainGroup = A38D1A6F1B8E24720068F5C7;
			productRefGroup = A38D1A791B8E24720068F5C7 /* Products */;
			projectDirPath = "";
			projectRoot = "";
			targets = (
				A38D1A771B8E24720068F5C7 /* SwiftTable */,
				A38D1A8C1B8E24720068F5C7 /* SwiftTableTests */,
			);
		};
/* End PBXProject section */

/* Begin PBXResourcesBuildPhase section */
		A38D1A761B8E24720068F5C7 /* Resources */ = {
			isa = PBXResourcesBuildPhase;
			buildActionMask = 2147483647;
			files = (
				A38D1A831B8E24720068F5C7 /* Main.storyboard in Resources */,
				A38D1A881B8E24720068F5C7 /* LaunchScreen.xib in Resources */,
				A38D1A851B8E24720068F5C7 /* Images.xcassets in Resources */,
			);
			runOnlyForDeploymentPostprocessing = 0;
		};
		A38D1A8B1B8E24720068F5C7 /* Resources */ = {
			isa = PBXResourcesBuildPhase;
			buildActionMask = 2147483647;
			files = (
			);
			runOnlyForDeploymentPostprocessing = 0;
		};
/* End PBXResourcesBuildPhase section */

/* Begin PBXSourcesBuildPhase section */
		A38D1A741B8E24720068F5C7 /* Sources */ = {
			isa = PBXSourcesBuildPhase;
			buildActionMask = 2147483647;
			files = (
				A38D1A801B8E24720068F5C7 /* ViewController.swift in Sources */,
				A38D1A7E1B8E24720068F5C7 /* AppDelegate.swift in Sources */,
			);
			runOnlyForDeploymentPostprocessing = 0;
		};
		A38D1A891B8E24720068F5C7 /* Sources */ = {
			isa = PBXSourcesBuildPhase;
			buildActionMask = 2147483647;
			files = (
				A38D1A941B8E24720068F5C7 /* SwiftTableTests.swift in Sources */,
			);
			runOnlyForDeploymentPostprocessing = 0;
		};
/* End PBXSourcesBuildPhase section */

/* Begin PBXTargetDependency section */
		A38D1A8F1B8E24720068F5C7 /* PBXTargetDependency */ = {
			isa = PBXTargetDependency;
			target = A38D1A771B8E24720068F5C7 /* SwiftTable */;
			targetProxy = A38D1A8E1B8E24720068F5C7 /* PBXContainerItemProxy */;
		};
/* End PBXTargetDependency section */

/* Begin PBXVariantGroup section */
		A38D1A811B8E24720068F5C7 /* Main.storyboard */ = {
			isa = PBXVariantGroup;
			children = (
				A38D1A821B8E24720068F5C7 /* Base */,
			);
			name = Main.storyboard;
			sourceTree = "<group>";
		};
		A38D1A861B8E24720068F5C7 /* LaunchScreen.xib */ = {
			isa = PBXVariantGroup;
			children = (
				A38D1A871B8E24720068F5C7 /* Base */,
			);
			name = LaunchScreen.xib;
			sourceTree = "<group>";
		};
/* End PBXVariantGroup section */

/* Begin XCBuildConfiguration section */
		A38D1A951B8E24720068F5C7 /* Debug */ = {
			isa = XCBuildConfiguration;
			buildSettings = {
				ALWAYS_SEARCH_USER_PATHS = NO;
				CLANG_CXX_LANGUAGE_STANDARD = "gnu++0x";
				CLANG_CXX_LIBRARY = "libc++";
				CLANG_ENABLE_MODULES = YES;
				CLANG_ENABLE_OBJC_ARC = YES;
				CLANG_WARN_BOOL_CONVERSION = YES;
				CLANG_WARN_CONSTANT_CONVERSION = YES;
				CLANG_WARN_DIRECT_OBJC_ISA_USAGE = YES_ERROR;
				CLANG_WARN_EMPTY_BODY = YES;
				CLANG_WARN_ENUM_CONVERSION = YES;
				CLANG_WARN_INT_CONVERSION = YES;
				CLANG_WARN_OBJC_ROOT_CLASS = YES_ERROR;
				CLANG_WARN_UNREACHABLE_CODE = YES;
				CLANG_WARN__DUPLICATE_METHOD_MATCH = YES;
				"CODE_SIGN_IDENTITY[sdk=iphoneos*]" = "iPhone Developer";
				COPY_PHASE_STRIP = NO;
				DEBUG_INFORMATION_FORMAT = "dwarf-with-dsym";
				ENABLE_STRICT_OBJC_MSGSEND = YES;
				GCC_C_LANGUAGE_STANDARD = gnu99;
				GCC_DYNAMIC_NO_PIC = NO;
				GCC_NO_COMMON_BLOCKS = YES;
				GCC_OPTIMIZATION_LEVEL = 0;
				GCC_PREPROCESSOR_DEFINITIONS = (
					"DEBUG=1",
					"$(inherited)",
				);
				GCC_SYMBOLS_PRIVATE_EXTERN = NO;
				GCC_WARN_64_TO_32_BIT_CONVERSION = YES;
				GCC_WARN_ABOUT_RETURN_TYPE = YES_ERROR;
				GCC_WARN_UNDECLARED_SELECTOR = YES;
				GCC_WARN_UNINITIALIZED_AUTOS = YES_AGGRESSIVE;
				GCC_WARN_UNUSED_FUNCTION = YES;
				GCC_WARN_UNUSED_VARIABLE = YES;
				IPHONEOS_DEPLOYMENT_TARGET = 8.4;
				MTL_ENABLE_DEBUG_INFO = YES;
				ONLY_ACTIVE_ARCH = YES;
				SDKROOT = iphoneos;
				SWIFT_OPTIMIZATION_LEVEL = "-Onone";
			};
			name = Debug;
		};
		A38D1A961B8E24720068F5C7 /* Release */ = {
			isa = XCBuildConfiguration;
			buildSettings = {
				ALWAYS_SEARCH_USER_PATHS = NO;
				CLANG_CXX_LANGUAGE_STANDARD = "gnu++0x";
				CLANG_CXX_LIBRARY = "libc++";
				CLANG_ENABLE_MODULES = YES;
				CLANG_ENABLE_OBJC_ARC = YES;
				CLANG_WARN_BOOL_CONVERSION = YES;
				CLANG_WARN_CONSTANT_CONVERSION = YES;
				CLANG_WARN_DIRECT_OBJC_ISA_USAGE = YES_ERROR;
				CLANG_WARN_EMPTY_BODY = YES;
				CLANG_WARN_ENUM_CONVERSION = YES;
				CLANG_WARN_INT_CONVERSION = YES;
				CLANG_WARN_OBJC_ROOT_CLASS = YES_ERROR;
				CLANG_WARN_UNREACHABLE_CODE = YES;
				CLANG_WARN__DUPLICATE_METHOD_MATCH = YES;
				"CODE_SIGN_IDENTITY[sdk=iphoneos*]" = "iPhone Developer";
				COPY_PHASE_STRIP = NO;
				DEBUG_INFORMATION_FORMAT = "dwarf-with-dsym";
				ENABLE_NS_ASSERTIONS = NO;
				ENABLE_STRICT_OBJC_MSGSEND = YES;
				GCC_C_LANGUAGE_STANDARD = gnu99;
				GCC_NO_COMMON_BLOCKS = YES;
				GCC_WARN_64_TO_32_BIT_CONVERSION = YES;
				GCC_WARN_ABOUT_RETURN_TYPE = YES_ERROR;
				GCC_WARN_UNDECLARED_SELECTOR = YES;
				GCC_WARN_UNINITIALIZED_AUTOS = YES_AGGRESSIVE;
				GCC_WARN_UNUSED_FUNCTION = YES;
				GCC_WARN_UNUSED_VARIABLE = YES;
				IPHONEOS_DEPLOYMENT_TARGET = 8.4;
				MTL_ENABLE_DEBUG_INFO = NO;
				SDKROOT = iphoneos;
				VALIDATE_PRODUCT = YES;
			};
			name = Release;
		};
		A38D1A981B8E24720068F5C7 /* Debug */ = {
			isa = XCBuildConfiguration;
			buildSettings = {
				ASSETCATALOG_COMPILER_APPICON_NAME = AppIcon;
				INFOPLIST_FILE = SwiftTable/Info.plist;
				LD_RUNPATH_SEARCH_PATHS = "$(inherited) @executable_path/Frameworks";
				PRODUCT_NAME = "$(TARGET_NAME)";
			};
			name = Debug;
		};
		A38D1A991B8E24720068F5C7 /* Release */ = {
			isa = XCBuildConfiguration;
			buildSettings = {
				ASSETCATALOG_COMPILER_APPICON_NAME = AppIcon;
				INFOPLIST_FILE = SwiftTable/Info.plist;
				LD_RUNPATH_SEARCH_PATHS = "$(inherited) @executable_path/Frameworks";
				PRODUCT_NAME = "$(TARGET_NAME)";
			};
			name = Release;
		};
		A38D1A9B1B8E24720068F5C7 /* Debug */ = {
			isa = XCBuildConfiguration;
			buildSettings = {
				BUNDLE_LOADER = "$(TEST_HOST)";
				FRAMEWORK_SEARCH_PATHS = (
					"$(SDKROOT)/Developer/Library/Frameworks",
					"$(inherited)",
				);
				GCC_PREPROCESSOR_DEFINITIONS = (
					"DEBUG=1",
					"$(inherited)",
				);
				INFOPLIST_FILE = SwiftTableTests/Info.plist;
				LD_RUNPATH_SEARCH_PATHS = "$(inherited) @executable_path/Frameworks @loader_path/Frameworks";
				PRODUCT_NAME = "$(TARGET_NAME)";
				TEST_HOST = "$(BUILT_PRODUCTS_DIR)/SwiftTable.app/SwiftTable";
			};
			name = Debug;
		};
		A38D1A9C1B8E24720068F5C7 /* Release */ = {
			isa = XCBuildConfiguration;
			buildSettings = {
				BUNDLE_LOADER = "$(TEST_HOST)";
				FRAMEWORK_SEARCH_PATHS = (
					"$(SDKROOT)/Developer/Library/Frameworks",
					"$(inherited)",
				);
				INFOPLIST_FILE = SwiftTableTests/Info.plist;
				LD_RUNPATH_SEARCH_PATHS = "$(inherited) @executable_path/Frameworks @loader_path/Frameworks";
				PRODUCT_NAME = "$(TARGET_NAME)";
				TEST_HOST = "$(BUILT_PRODUCTS_DIR)/SwiftTable.app/SwiftTable";
			};
			name = Release;
		};
/* End XCBuildConfiguration section */

/* Begin XCConfigurationList section */
		A38D1A731B8E24720068F5C7 /* Build configuration list for PBXProject "SwiftTable" */ = {
			isa = XCConfigurationList;
			buildConfigurations = (
				A38D1A951B8E24720068F5C7 /* Debug */,
				A38D1A961B8E24720068F5C7 /* Release */,
			);
			defaultConfigurationIsVisible = 0;
			defaultConfigurationName = Release;
		};
		A38D1A971B8E24720068F5C7 /* Build configuration list for PBXNativeTarget "SwiftTable" */ = {
			isa = XCConfigurationList;
			buildConfigurations = (
				A38D1A981B8E24720068F5C7 /* Debug */,
				A38D1A991B8E24720068F5C7 /* Release */,
			);
			defaultConfigurationIsVisible = 0;
		};
		A38D1A9A1B8E24720068F5C7 /* Build configuration list for PBXNativeTarget "SwiftTableTests" */ = {
			isa = XCConfigurationList;
			buildConfigurations = (
				A38D1A9B1B8E24720068F5C7 /* Debug */,
				A38D1A9C1B8E24720068F5C7 /* Release */,
			);
			defaultConfigurationIsVisible = 0;
		};
/* End XCConfigurationList section */
	};
	rootObject = A38D1A701B8E24720068F5C7 /* Project object */;
}
